
Microsoft Visual Studio Solution File, Format Version 12.00
# Visual Studio 14
VisualStudioVersion = 14.0.25420.1
MinimumVisualStudioVersion = 10.0.40219.1
Project("{D954291E-2A0B-460D-934E-DC6B0785DB48}") = "ShareDemo", "RecorderDemo\RecorderDemo\ShareDemo.shproj", "{65FD171C-A89C-45C8-A016-056FEAF31715}"
EndProject
Project("{FAE04EC0-301F-11D3-BF4B-00C04F79EFBC}") = "Shared.Droid", "RecorderDemo\RecorderDemo.Droid\Shared.Droid.csproj", "{513603F4-CB6D-4AF1-9A53-1DFA0AB535E7}"
EndProject
Project("{2150E333-8FDC-42A3-9474-1A3956D46DE8}") = "Creating", "Creating", "{B0721D79-4E6E-4E20-95BC-D7B48C599F53}"
EndProject
Global
	GlobalSection(SharedMSBuildProjectFiles) = preSolution
		RecorderDemo\RecorderDemo\RecorderDemo.projitems*{65fd171c-a89c-45c8-a016-056feaf31715}*SharedItemsImports = 13
	EndGlobalSection
	GlobalSection(SolutionConfigurationPlatforms) = preSolution
		Ad-Hoc|Any CPU = Ad-Hoc|Any CPU
		Ad-Hoc|ARM = Ad-Hoc|ARM
		Ad-Hoc|iPhone = Ad-Hoc|iPhone
		Ad-Hoc|iPhoneSimulator = Ad-Hoc|iPhoneSimulator
		Ad-Hoc|x64 = Ad-Hoc|x64
		Ad-Hoc|x86 = Ad-Hoc|x86
		AppStore|Any CPU = AppStore|Any CPU
		AppStore|ARM = AppStore|ARM
		AppStore|iPhone = AppStore|iPhone
		AppStore|iPhoneSimulator = AppStore|iPhoneSimulator
		AppStore|x64 = AppStore|x64
		AppStore|x86 = AppStore|x86
		Debug|Any CPU = Debug|Any CPU
		Debug|ARM = Debug|ARM
		Debug|iPhone = Debug|iPhone
		Debug|iPhoneSimulator = Debug|iPhoneSimulator
		Debug|x64 = Debug|x64
		Debug|x86 = Debug|x86
		Release|Any CPU = Release|Any CPU
		Release|ARM = Release|ARM
		Release|iPhone = Release|iPhone
		Release|iPhoneSimulator = Release|iPhoneSimulator
		Release|x64 = Release|x64
		Release|x86 = Release|x86
	EndGlobalSection
	GlobalSection(ProjectConfigurationPlatforms) = postSolution
		{513603F4-CB6D-4AF1-9A53-1DFA0AB535E7}.Ad-Hoc|Any CPU.ActiveCfg = Release|Any CPU
		{513603F4-CB6D-4AF1-9A53-1DFA0AB535E7}.Ad-Hoc|Any CPU.Build.0 = Release|Any CPU
		{513603F4-CB6D-4AF1-9A53-1DFA0AB535E7}.Ad-Hoc|Any CPU.Deploy.0 = Release|Any CPU
		{513603F4-CB6D-4AF1-9A53-1DFA0AB535E7}.Ad-Hoc|ARM.ActiveCfg = Release|Any CPU
		{513603F4-CB6D-4AF1-9A53-1DFA0AB535E7}.Ad-Hoc|ARM.Build.0 = Release|Any CPU
		{513603F4-CB6D-4AF1-9A53-1DFA0AB535E7}.Ad-Hoc|ARM.Deploy.0 = Release|Any CPU
		{513603F4-CB6D-4AF1-9A53-1DFA0AB535E7}.Ad-Hoc|iPhone.ActiveCfg = Release|Any CPU
		{513603F4-CB6D-4AF1-9A53-1DFA0AB535E7}.Ad-Hoc|iPhone.Build.0 = Release|Any CPU
		{513603F4-CB6D-4AF1-9A53-1DFA0AB535E7}.Ad-Hoc|iPhone.Deploy.0 = Release|Any CPU
		{513603F4-CB6D-4AF1-9A53-1DFA0AB535E7}.Ad-Hoc|iPhoneSimulator.ActiveCfg = Release|Any CPU
		{513603F4-CB6D-4AF1-9A53-1DFA0AB535E7}.Ad-Hoc|iPhoneSimulator.Build.0 = Release|Any CPU
		{513603F4-CB6D-4AF1-9A53-1DFA0AB535E7}.Ad-Hoc|iPhoneSimulator.Deploy.0 = Release|Any CPU
		{513603F4-CB6D-4AF1-9A53-1DFA0AB535E7}.Ad-Hoc|x64.ActiveCfg = Release|Any CPU
		{513603F4-CB6D-4AF1-9A53-1DFA0AB535E7}.Ad-Hoc|x64.Build.0 = Release|Any CPU
		{513603F4-CB6D-4AF1-9A53-1DFA0AB535E7}.Ad-Hoc|x64.Deploy.0 = Release|Any CPU
		{513603F4-CB6D-4AF1-9A53-1DFA0AB535E7}.Ad-Hoc|x86.ActiveCfg = Release|Any CPU
		{513603F4-CB6D-4AF1-9A53-1DFA0AB535E7}.Ad-Hoc|x86.Build.0 = Release|Any CPU
		{513603F4-CB6D-4AF1-9A53-1DFA0AB535E7}.Ad-Hoc|x86.Deploy.0 = Release|Any CPU
		{513603F4-CB6D-4AF1-9A53-1DFA0AB535E7}.AppStore|Any CPU.ActiveCfg = Release|Any CPU
		{513603F4-CB6D-4AF1-9A53-1DFA0AB535E7}.AppStore|Any CPU.Build.0 = Release|Any CPU
		{513603F4-CB6D-4AF1-9A53-1DFA0AB535E7}.AppStore|Any CPU.Deploy.0 = Release|Any CPU
		{513603F4-CB6D-4AF1-9A53-1DFA0AB535E7}.AppStore|ARM.ActiveCfg = Release|Any CPU
		{513603F4-CB6D-4AF1-9A53-1DFA0AB535E7}.AppStore|ARM.Build.0 = Release|Any CPU
		{513603F4-CB6D-4AF1-9A53-1DFA0AB535E7}.AppStore|ARM.Deploy.0 = Release|Any CPU
		{513603F4-CB6D-4AF1-9A53-1DFA0AB535E7}.AppStore|iPhone.ActiveCfg = Release|Any CPU
		{513603F4-CB6D-4AF1-9A53-1DFA0AB535E7}.AppStore|iPhone.Build.0 = Release|Any CPU
		{513603F4-CB6D-4AF1-9A53-1DFA0AB535E7}.AppStore|iPhone.Deploy.0 = Release|Any CPU
		{513603F4-CB6D-4AF1-9A53-1DFA0AB535E7}.AppStore|iPhoneSimulator.ActiveCfg = Release|Any CPU
		{513603F4-CB6D-4AF1-9A53-1DFA0AB535E7}.AppStore|iPhoneSimulator.Build.0 = Release|Any CPU
		{513603F4-CB6D-4AF1-9A53-1DFA0AB535E7}.AppStore|iPhoneSimulator.Deploy.0 = Release|Any CPU
		{513603F4-CB6D-4AF1-9A53-1DFA0AB535E7}.AppStore|x64.ActiveCfg = Release|Any CPU
		{513603F4-CB6D-4AF1-9A53-1DFA0AB535E7}.AppStore|x64.Build.0 = Release|Any CPU
		{513603F4-CB6D-4AF1-9A53-1DFA0AB535E7}.AppStore|x64.Deploy.0 = Release|Any CPU
		{513603F4-CB6D-4AF1-9A53-1DFA0AB535E7}.AppStore|x86.ActiveCfg = Release|Any CPU
		{513603F4-CB6D-4AF1-9A53-1DFA0AB535E7}.AppStore|x86.Build.0 = Release|Any CPU
		{513603F4-CB6D-4AF1-9A53-1DFA0AB535E7}.AppStore|x86.Deploy.0 = Release|Any CPU
		{513603F4-CB6D-4AF1-9A53-1DFA0AB535E7}.Debug|Any CPU.ActiveCfg = Debug|Any CPU
		{513603F4-CB6D-4AF1-9A53-1DFA0AB535E7}.Debug|Any CPU.Build.0 = Debug|Any CPU
		{513603F4-CB6D-4AF1-9A53-1DFA0AB535E7}.Debug|Any CPU.Deploy.0 = Debug|Any CPU
		{513603F4-CB6D-4AF1-9A53-1DFA0AB535E7}.Debug|ARM.ActiveCfg = Debug|Any CPU
		{513603F4-CB6D-4AF1-9A53-1DFA0AB535E7}.Debug|ARM.Build.0 = Debug|Any CPU
		{513603F4-CB6D-4AF1-9A53-1DFA0AB535E7}.Debug|ARM.Deploy.0 = Debug|Any CPU
		{513603F4-CB6D-4AF1-9A53-1DFA0AB535E7}.Debug|iPhone.ActiveCfg = Debug|Any CPU
		{513603F4-CB6D-4AF1-9A53-1DFA0AB535E7}.Debug|iPhone.Build.0 = Debug|Any CPU
		{513603F4-CB6D-4AF1-9A53-1DFA0AB535E7}.Debug|iPhone.Deploy.0 = Debug|Any CPU
		{513603F4-CB6D-4AF1-9A53-1DFA0AB535E7}.Debug|iPhoneSimulator.ActiveCfg = Debug|Any CPU
		{513603F4-CB6D-4AF1-9A53-1DFA0AB535E7}.Debug|iPhoneSimulator.Build.0 = Debug|Any CPU
		{513603F4-CB6D-4AF1-9A53-1DFA0AB535E7}.Debug|iPhoneSimulator.Deploy.0 = Debug|Any CPU
		{513603F4-CB6D-4AF1-9A53-1DFA0AB535E7}.Debug|x64.ActiveCfg = Debug|Any CPU
		{513603F4-CB6D-4AF1-9A53-1DFA0AB535E7}.Debug|x64.Build.0 = Debug|Any CPU
		{513603F4-CB6D-4AF1-9A53-1DFA0AB535E7}.Debug|x64.Deploy.0 = Debug|Any CPU
		{513603F4-CB6D-4AF1-9A53-1DFA0AB535E7}.Debug|x86.ActiveCfg = Debug|Any CPU
		{513603F4-CB6D-4AF1-9A53-1DFA0AB535E7}.Debug|x86.Build.0 = Debug|Any CPU
		{513603F4-CB6D-4AF1-9A53-1DFA0AB535E7}.Debug|x86.Deploy.0 = Debug|Any CPU
		{513603F4-CB6D-4AF1-9A53-1DFA0AB535E7}.Release|Any CPU.ActiveCfg = Release|Any CPU
		{513603F4-CB6D-4AF1-9A53-1DFA0AB535E7}.Release|Any CPU.Build.0 = Release|Any CPU
		{513603F4-CB6D-4AF1-9A53-1DFA0AB535E7}.Release|Any CPU.Deploy.0 = Release|Any CPU
		{513603F4-CB6D-4AF1-9A53-1DFA0AB535E7}.Release|ARM.ActiveCfg = Release|Any CPU
		{513603F4-CB6D-4AF1-9A53-1DFA0AB535E7}.Release|ARM.Build.0 = Release|Any CPU
		{513603F4-CB6D-4AF1-9A53-1DFA0AB535E7}.Release|ARM.Deploy.0 = Release|Any CPU
		{513603F4-CB6D-4AF1-9A53-1DFA0AB535E7}.Release|iPhone.ActiveCfg = Release|Any CPU
		{513603F4-CB6D-4AF1-9A53-1DFA0AB535E7}.Release|iPhone.Build.0 = Release|Any CPU
		{513603F4-CB6D-4AF1-9A53-1DFA0AB535E7}.Release|iPhone.Deploy.0 = Release|Any CPU
		{513603F4-CB6D-4AF1-9A53-1DFA0AB535E7}.Release|iPhoneSimulator.ActiveCfg = Release|Any CPU
		{513603F4-CB6D-4AF1-9A53-1DFA0AB535E7}.Release|iPhoneSimulator.Build.0 = Release|Any CPU
		{513603F4-CB6D-4AF1-9A53-1DFA0AB535E7}.Release|iPhoneSimulator.Deploy.0 = Release|Any CPU
		{513603F4-CB6D-4AF1-9A53-1DFA0AB535E7}.Release|x64.ActiveCfg = Release|Any CPU
		{513603F4-CB6D-4AF1-9A53-1DFA0AB535E7}.Release|x64.Build.0 = Release|Any CPU
		{513603F4-CB6D-4AF1-9A53-1DFA0AB535E7}.Release|x64.Deploy.0 = Release|Any CPU
		{513603F4-CB6D-4AF1-9A53-1DFA0AB535E7}.Release|x86.ActiveCfg = Release|Any CPU
		{513603F4-CB6D-4AF1-9A53-1DFA0AB535E7}.Release|x86.Build.0 = Release|Any CPU
		{513603F4-CB6D-4AF1-9A53-1DFA0AB535E7}.Release|x86.Deploy.0 = Release|Any CPU
	EndGlobalSection
	GlobalSection(SolutionProperties) = preSolution
		HideSolutionNode = FALSE
	EndGlobalSection
EndGlobal
